
Microsoft Visual Studio Solution File, Format Version 12.00
# Visual Studio 14
VisualStudioVersion = 14.0.25420.1
MinimumVisualStudioVersion = 10.0.40219.1
Project("{FAE04EC0-301F-11D3-BF4B-00C04F79EFBC}") = "FlexHtmlHelper.Mvc", "FlexHtmlHelper.Mvc\FlexHtmlHelper.Mvc.csproj", "{143BD4CA-34E9-4F52-B349-0A2096A7C271}"
EndProject
Project("{FAE04EC0-301F-11D3-BF4B-00C04F79EFBC}") = "FlexHtmlHelper.WebPages", "FlexHtmlHelper.WebPages\FlexHtmlHelper.WebPages.csproj", "{ADD53FA0-3099-4C25-AFCB-C8BF146C888C}"
EndProject
Project("{2150E333-8FDC-42A3-9474-1A3956D46DE8}") = "FlexHtmlHelper", "FlexHtmlHelper", "{A66BF9F3-CC45-455E-AD2F-F230D5AE725C}"
	ProjectSection(SolutionItems) = preProject
		FlexHtmlHelper\DefaultRender.cs = FlexHtmlHelper\DefaultRender.cs
		FlexHtmlHelper\DefaultTemplate.cs = FlexHtmlHelper\DefaultTemplate.cs
		FlexHtmlHelper\DictionaryHelpers.cs = FlexHtmlHelper\DictionaryHelpers.cs
		FlexHtmlHelper\FlexFormContext.cs = FlexHtmlHelper\FlexFormContext.cs
		FlexHtmlHelper\FlexRenderDictionary.cs = FlexHtmlHelper\FlexRenderDictionary.cs
		FlexHtmlHelper\FlexRenders.cs = FlexHtmlHelper\FlexRenders.cs
		FlexHtmlHelper\FlexTagBuilder.cs = FlexHtmlHelper\FlexTagBuilder.cs
		FlexHtmlHelper\FlexTemplateDictionary.cs = FlexHtmlHelper\FlexTemplateDictionary.cs
		FlexHtmlHelper\FlexTemplates.cs = FlexHtmlHelper\FlexTemplates.cs
		FlexHtmlHelper\IFlexRender.cs = FlexHtmlHelper\IFlexRender.cs
		FlexHtmlHelper\IFlexTemplate.cs = FlexHtmlHelper\IFlexTemplate.cs
		FlexHtmlHelper\PropertyHelper.cs = FlexHtmlHelper\PropertyHelper.cs
		FlexHtmlHelper\TypeHelper.cs = FlexHtmlHelper\TypeHelper.cs
	EndProjectSection
EndProject
Project("{FAE04EC0-301F-11D3-BF4B-00C04F79EFBC}") = "FlexHtmlHelper.Tests", "FlexHtmlHelper.Tests\FlexHtmlHelper.Tests.csproj", "{38465D05-DF6C-4472-A160-48CC4AD7CA64}"
EndProject
Project("{2150E333-8FDC-42A3-9474-1A3956D46DE8}") = "Render", "Render", "{59546118-1090-4098-96B1-98A115F483CF}"
	ProjectSection(SolutionItems) = preProject
		FlexHtmlHelper\Render\Bootstrap3Render.cs = FlexHtmlHelper\Render\Bootstrap3Render.cs
		FlexHtmlHelper\Render\Foundation5Render.cs = FlexHtmlHelper\Render\Foundation5Render.cs
	EndProjectSection
EndProject
Project("{FAE04EC0-301F-11D3-BF4B-00C04F79EFBC}") = "FlexHtmlHelper.Sample", "FlexHtmlHelper.Sample\FlexHtmlHelper.Sample.csproj", "{213348B8-F7C1-420B-B8FE-9B3037E75B7F}"
EndProject
Project("{2150E333-8FDC-42A3-9474-1A3956D46DE8}") = ".nuget", ".nuget", "{A0D08D1F-FAD4-455E-A4AD-9226385D330F}"
	ProjectSection(SolutionItems) = preProject
		.nuget\NuGet.Config = .nuget\NuGet.Config
		.nuget\NuGet.exe = .nuget\NuGet.exe
		.nuget\NuGet.targets = .nuget\NuGet.targets
	EndProjectSection
EndProject
Project("{FAE04EC0-301F-11D3-BF4B-00C04F79EFBC}") = "FlexHtmlHelper.WebSite", "FlexHtmlHelper.WebSite\FlexHtmlHelper.WebSite.csproj", "{B0E84A1D-D7A7-49DE-AB04-D68AD8684996}"
EndProject
Project("{2150E333-8FDC-42A3-9474-1A3956D46DE8}") = "PublishScripts", "PublishScripts", "{CD8AB236-4957-4787-8C33-2484ED6DD3FC}"
	ProjectSection(SolutionItems) = preProject
		PublishScripts\AzureWebsitePublishModule.psm1 = PublishScripts\AzureWebsitePublishModule.psm1
		PublishScripts\Publish-WebApplicationWebsite.ps1 = PublishScripts\Publish-WebApplicationWebsite.ps1
	EndProjectSection
EndProject
Project("{2150E333-8FDC-42A3-9474-1A3956D46DE8}") = "Configurations", "Configurations", "{28EB03B4-AC71-4EA5-8AD0-A8ABE19E29D7}"
	ProjectSection(SolutionItems) = preProject
		PublishScripts\Configurations\FlexHtmlHelperWebSite-WAWS-dev.json = PublishScripts\Configurations\FlexHtmlHelperWebSite-WAWS-dev.json
	EndProjectSection
EndProject
Project("{2150E333-8FDC-42A3-9474-1A3956D46DE8}") = "Template", "Template", "{C23A09F6-F5CE-4CA2-AEA0-0B64CE3FADCD}"
	ProjectSection(SolutionItems) = preProject
		FlexHtmlHelper\Template\HandlebarsTemplate.cs = FlexHtmlHelper\Template\HandlebarsTemplate.cs
	EndProjectSection
EndProject
Global
	GlobalSection(SolutionConfigurationPlatforms) = preSolution
		Debug|Any CPU = Debug|Any CPU
		Release|Any CPU = Release|Any CPU
	EndGlobalSection
	GlobalSection(ProjectConfigurationPlatforms) = postSolution
		{143BD4CA-34E9-4F52-B349-0A2096A7C271}.Debug|Any CPU.ActiveCfg = Debug|Any CPU
		{143BD4CA-34E9-4F52-B349-0A2096A7C271}.Debug|Any CPU.Build.0 = Debug|Any CPU
		{143BD4CA-34E9-4F52-B349-0A2096A7C271}.Release|Any CPU.ActiveCfg = Release|Any CPU
		{143BD4CA-34E9-4F52-B349-0A2096A7C271}.Release|Any CPU.Build.0 = Release|Any CPU
		{ADD53FA0-3099-4C25-AFCB-C8BF146C888C}.Debug|Any CPU.ActiveCfg = Debug|Any CPU
		{ADD53FA0-3099-4C25-AFCB-C8BF146C888C}.Debug|Any CPU.Build.0 = Debug|Any CPU
		{ADD53FA0-3099-4C25-AFCB-C8BF146C888C}.Release|Any CPU.ActiveCfg = Release|Any CPU
		{ADD53FA0-3099-4C25-AFCB-C8BF146C888C}.Release|Any CPU.Build.0 = Release|Any CPU
		{38465D05-DF6C-4472-A160-48CC4AD7CA64}.Debug|Any CPU.ActiveCfg = Debug|Any CPU
		{38465D05-DF6C-4472-A160-48CC4AD7CA64}.Debug|Any CPU.Build.0 = Debug|Any CPU
		{38465D05-DF6C-4472-A160-48CC4AD7CA64}.Release|Any CPU.ActiveCfg = Release|Any CPU
		{38465D05-DF6C-4472-A160-48CC4AD7CA64}.Release|Any CPU.Build.0 = Release|Any CPU
		{213348B8-F7C1-420B-B8FE-9B3037E75B7F}.Debug|Any CPU.ActiveCfg = Debug|Any CPU
		{213348B8-F7C1-420B-B8FE-9B3037E75B7F}.Debug|Any CPU.Build.0 = Debug|Any CPU
		{213348B8-F7C1-420B-B8FE-9B3037E75B7F}.Release|Any CPU.ActiveCfg = Release|Any CPU
		{213348B8-F7C1-420B-B8FE-9B3037E75B7F}.Release|Any CPU.Build.0 = Release|Any CPU
		{B0E84A1D-D7A7-49DE-AB04-D68AD8684996}.Debug|Any CPU.ActiveCfg = Debug|Any CPU
		{B0E84A1D-D7A7-49DE-AB04-D68AD8684996}.Debug|Any CPU.Build.0 = Debug|Any CPU
		{B0E84A1D-D7A7-49DE-AB04-D68AD8684996}.Release|Any CPU.ActiveCfg = Release|Any CPU
		{B0E84A1D-D7A7-49DE-AB04-D68AD8684996}.Release|Any CPU.Build.0 = Release|Any CPU
	EndGlobalSection
	GlobalSection(SolutionProperties) = preSolution
		HideSolutionNode = FALSE
	EndGlobalSection
	GlobalSection(NestedProjects) = preSolution
		{59546118-1090-4098-96B1-98A115F483CF} = {A66BF9F3-CC45-455E-AD2F-F230D5AE725C}
		{28EB03B4-AC71-4EA5-8AD0-A8ABE19E29D7} = {CD8AB236-4957-4787-8C33-2484ED6DD3FC}
		{C23A09F6-F5CE-4CA2-AEA0-0B64CE3FADCD} = {A66BF9F3-CC45-455E-AD2F-F230D5AE725C}
	EndGlobalSection
EndGlobal
